dependencies:
- name: mariadb
  repository: https://charts.bitnami.com/bitnami
  version: 25.0.1
- name: redis
  repository: https://charts.bitnami.com/bitnami
  version: 25.3.2
- name: emqx
  repository: https://repos.emqx.io/charts
  version: 5.8.9
- name: step-certificates
  repository: https://smallstep.github.io/helm-charts
  version: 1.29.0
- name: redpanda
  repository: https://charts.redpanda.com
  version: 25.3.2
digest: sha256:dd45b0b6b0c62165f954d8fc4d5fe993f0624dd8080810d4ab5fc27af6b16b42
generated: "2026-03-06T09:41:01.360187294+07:00"
