dependencies:
- name: mariadb
  repository: https://charts.bitnami.com/bitnami
  version: 25.0.1
- name: redis
  repository: https://charts.bitnami.com/bitnami
  version: 25.3.2
- name: emqx
  repository: https://repos.emqx.io/charts
  version: 5.8.9
- name: step-certificates
  repository: https://smallstep.github.io/helm-charts
  version: 1.29.0
- name: redpanda
  repository: https://charts.redpanda.com
  version: 25.3.2
- name: databunkerpro
  repository: https://securitybunker.github.io/databunkerpro-setup
  version: 0.1.0
digest: sha256:d6b49bdc1c80012d1ac56e8f7bad69d74be2956b6a931ad0fd2cafc18b008e78
generated: "2026-03-06T11:20:43.277922866+07:00"
